
Microsoft Visual Studio Solution File, Format Version 12.00
# Visual Studio Version 16
VisualStudioVersion = 16.0.29709.97
MinimumVisualStudioVersion = 10.0.40219.1
Project("{9A19103F-16F7-4668-BE54-9A1E7A4F7556}") = "Task1", "Task1\Task1.csproj", "{7EF7A16A-983F-4660-BC8D-4F2E5C56569F}"
EndProject
Project("{9A19103F-16F7-4668-BE54-9A1E7A4F7556}") = "Task2", "Task2\Task2.csproj", "{31A5F7C3-3C3E-45CF-B43E-6ABECCADC716}"
EndProject
Project("{9A19103F-16F7-4668-BE54-9A1E7A4F7556}") = "Task3", "Task3\Task3.csproj", "{0C43FD38-7F4A-4032-88F4-25D614108F4D}"
EndProject
Project("{FAE04EC0-301F-11D3-BF4B-00C04F79EFBC}") = "Lab1", "Lab1\Lab1.csproj", "{C695F7E3-52BF-4080-A625-AB4862D273CD}"
EndProject
Project("{FAE04EC0-301F-11D3-BF4B-00C04F79EFBC}") = "Lab2", "Lab2\Lab2.csproj", "{267F4893-473C-4EF9-9B83-609A69694C01}"
EndProject
Project("{FAE04EC0-301F-11D3-BF4B-00C04F79EFBC}") = "Lab3", "Lab3\Lab3.csproj", "{AE78D27D-6CB9-4347-BF61-9A1109DA4247}"
EndProject
Global
	GlobalSection(SolutionConfigurationPlatforms) = preSolution
		Debug|Any CPU = Debug|Any CPU
		Release|Any CPU = Release|Any CPU
	EndGlobalSection
	GlobalSection(ProjectConfigurationPlatforms) = postSolution
		{7EF7A16A-983F-4660-BC8D-4F2E5C56569F}.Debug|Any CPU.ActiveCfg = Debug|Any CPU
		{7EF7A16A-983F-4660-BC8D-4F2E5C56569F}.Debug|Any CPU.Build.0 = Debug|Any CPU
		{7EF7A16A-983F-4660-BC8D-4F2E5C56569F}.Release|Any CPU.ActiveCfg = Release|Any CPU
		{7EF7A16A-983F-4660-BC8D-4F2E5C56569F}.Release|Any CPU.Build.0 = Release|Any CPU
		{31A5F7C3-3C3E-45CF-B43E-6ABECCADC716}.Debug|Any CPU.ActiveCfg = Debug|Any CPU
		{31A5F7C3-3C3E-45CF-B43E-6ABECCADC716}.Debug|Any CPU.Build.0 = Debug|Any CPU
		{31A5F7C3-3C3E-45CF-B43E-6ABECCADC716}.Release|Any CPU.ActiveCfg = Release|Any CPU
		{31A5F7C3-3C3E-45CF-B43E-6ABECCADC716}.Release|Any CPU.Build.0 = Release|Any CPU
		{0C43FD38-7F4A-4032-88F4-25D614108F4D}.Debug|Any CPU.ActiveCfg = Debug|Any CPU
		{0C43FD38-7F4A-4032-88F4-25D614108F4D}.Debug|Any CPU.Build.0 = Debug|Any CPU
		{0C43FD38-7F4A-4032-88F4-25D614108F4D}.Release|Any CPU.ActiveCfg = Release|Any CPU
		{0C43FD38-7F4A-4032-88F4-25D614108F4D}.Release|Any CPU.Build.0 = Release|Any CPU
		{C695F7E3-52BF-4080-A625-AB4862D273CD}.Debug|Any CPU.ActiveCfg = Debug|Any CPU
		{C695F7E3-52BF-4080-A625-AB4862D273CD}.Debug|Any CPU.Build.0 = Debug|Any CPU
		{C695F7E3-52BF-4080-A625-AB4862D273CD}.Release|Any CPU.ActiveCfg = Release|Any CPU
		{C695F7E3-52BF-4080-A625-AB4862D273CD}.Release|Any CPU.Build.0 = Release|Any CPU
		{267F4893-473C-4EF9-9B83-609A69694C01}.Debug|Any CPU.ActiveCfg = Debug|Any CPU
		{267F4893-473C-4EF9-9B83-609A69694C01}.Debug|Any CPU.Build.0 = Debug|Any CPU
		{267F4893-473C-4EF9-9B83-609A69694C01}.Release|Any CPU.ActiveCfg = Release|Any CPU
		{267F4893-473C-4EF9-9B83-609A69694C01}.Release|Any CPU.Build.0 = Release|Any CPU
		{AE78D27D-6CB9-4347-BF61-9A1109DA4247}.Debug|Any CPU.ActiveCfg = Debug|Any CPU
		{AE78D27D-6CB9-4347-BF61-9A1109DA4247}.Debug|Any CPU.Build.0 = Debug|Any CPU
		{AE78D27D-6CB9-4347-BF61-9A1109DA4247}.Release|Any CPU.ActiveCfg = Release|Any CPU
		{AE78D27D-6CB9-4347-BF61-9A1109DA4247}.Release|Any CPU.Build.0 = Release|Any CPU
	EndGlobalSection
	GlobalSection(SolutionProperties) = preSolution
		HideSolutionNode = FALSE
	EndGlobalSection
	GlobalSection(ExtensibilityGlobals) = postSolution
		SolutionGuid = {C294D841-B03B-41D8-88A0-6CA5ED7262A3}
	EndGlobalSection
EndGlobal
